
Microsoft Visual Studio Solution File, Format Version 12.00
# Visual Studio Version 16
VisualStudioVersion = 16.0.30114.105
MinimumVisualStudioVersion = 10.0.40219.1
Project("{FAE04EC0-301F-11D3-BF4B-00C04F79EFBC}") = "HidingPrac", "HidingPrac\HidingPrac.csproj", "{51D2D120-146F-4D1A-AAAF-0EAB6D91AD05}"
EndProject
Global
	GlobalSection(SolutionConfigurationPlatforms) = preSolution
		Debug|Any CPU = Debug|Any CPU
		Release|Any CPU = Release|Any CPU
	EndGlobalSection
	GlobalSection(ProjectConfigurationPlatforms) = postSolution
		{51D2D120-146F-4D1A-AAAF-0EAB6D91AD05}.Debug|Any CPU.ActiveCfg = Debug|Any CPU
		{51D2D120-146F-4D1A-AAAF-0EAB6D91AD05}.Debug|Any CPU.Build.0 = Debug|Any CPU
		{51D2D120-146F-4D1A-AAAF-0EAB6D91AD05}.Release|Any CPU.ActiveCfg = Release|Any CPU
		{51D2D120-146F-4D1A-AAAF-0EAB6D91AD05}.Release|Any CPU.Build.0 = Release|Any CPU
	EndGlobalSection
	GlobalSection(SolutionProperties) = preSolution
		HideSolutionNode = FALSE
	EndGlobalSection
	GlobalSection(ExtensibilityGlobals) = postSolution
		SolutionGuid = {2DF9FB22-4F4C-49C7-990F-DF2DCB57EE14}
	EndGlobalSection
EndGlobal
